
Microsoft Visual Studio Solution File, Format Version 12.00
# Visual Studio Version 17
VisualStudioVersion = 17.10.34928.147
MinimumVisualStudioVersion = 10.0.40219.1
Project("{8BC9CEB8-8B4A-11D0-8D11-00A0C91BC942}") = "exo1", "exo1.vcxproj", "{1789D371-AD3A-454A-BD5B-68AA80331912}"
EndProject
Project("{8BC9CEB8-8B4A-11D0-8D11-00A0C91BC942}") = "exo2", "..\exo2\exo2.vcxproj", "{BE64FF2F-9777-4600-B7DD-55931E9F1E34}"
EndProject
Project("{8BC9CEB8-8B4A-11D0-8D11-00A0C91BC942}") = "exo3", "..\exo3\exo3.vcxproj", "{C74102F7-9193-4D24-8A80-2A7484BE77F7}"
EndProject
Project("{8BC9CEB8-8B4A-11D0-8D11-00A0C91BC942}") = "exo4", "..\exo4\exo4.vcxproj", "{A9129CBB-9D60-4F60-88D5-42DFD9F0E229}"
EndProject
Project("{8BC9CEB8-8B4A-11D0-8D11-00A0C91BC942}") = "exo5", "..\exo5\exo5.vcxproj", "{F4407AF8-357D-4955-B6E0-10D2CBDA8E6C}"
EndProject
Global
	GlobalSection(SolutionConfigurationPlatforms) = preSolution
		Debug|x64 = Debug|x64
		Debug|x86 = Debug|x86
		Release|x64 = Release|x64
		Release|x86 = Release|x86
	EndGlobalSection
	GlobalSection(ProjectConfigurationPlatforms) = postSolution
		{1789D371-AD3A-454A-BD5B-68AA80331912}.Debug|x64.ActiveCfg = Debug|x64
		{1789D371-AD3A-454A-BD5B-68AA80331912}.Debug|x64.Build.0 = Debug|x64
		{1789D371-AD3A-454A-BD5B-68AA80331912}.Debug|x86.ActiveCfg = Debug|Win32
		{1789D371-AD3A-454A-BD5B-68AA80331912}.Debug|x86.Build.0 = Debug|Win32
		{1789D371-AD3A-454A-BD5B-68AA80331912}.Release|x64.ActiveCfg = Release|x64
		{1789D371-AD3A-454A-BD5B-68AA80331912}.Release|x64.Build.0 = Release|x64
		{1789D371-AD3A-454A-BD5B-68AA80331912}.Release|x86.ActiveCfg = Release|Win32
		{1789D371-AD3A-454A-BD5B-68AA80331912}.Release|x86.Build.0 = Release|Win32
		{BE64FF2F-9777-4600-B7DD-55931E9F1E34}.Debug|x64.ActiveCfg = Debug|x64
		{BE64FF2F-9777-4600-B7DD-55931E9F1E34}.Debug|x64.Build.0 = Debug|x64
		{BE64FF2F-9777-4600-B7DD-55931E9F1E34}.Debug|x86.ActiveCfg = Debug|Win32
		{BE64FF2F-9777-4600-B7DD-55931E9F1E34}.Debug|x86.Build.0 = Debug|Win32
		{BE64FF2F-9777-4600-B7DD-55931E9F1E34}.Release|x64.ActiveCfg = Release|x64
		{BE64FF2F-9777-4600-B7DD-55931E9F1E34}.Release|x64.Build.0 = Release|x64
		{BE64FF2F-9777-4600-B7DD-55931E9F1E34}.Release|x86.ActiveCfg = Release|Win32
		{BE64FF2F-9777-4600-B7DD-55931E9F1E34}.Release|x86.Build.0 = Release|Win32
		{C74102F7-9193-4D24-8A80-2A7484BE77F7}.Debug|x64.ActiveCfg = Debug|x64
		{C74102F7-9193-4D24-8A80-2A7484BE77F7}.Debug|x64.Build.0 = Debug|x64
		{C74102F7-9193-4D24-8A80-2A7484BE77F7}.Debug|x86.ActiveCfg = Debug|Win32
		{C74102F7-9193-4D24-8A80-2A7484BE77F7}.Debug|x86.Build.0 = Debug|Win32
		{C74102F7-9193-4D24-8A80-2A7484BE77F7}.Release|x64.ActiveCfg = Release|x64
		{C74102F7-9193-4D24-8A80-2A7484BE77F7}.Release|x64.Build.0 = Release|x64
		{C74102F7-9193-4D24-8A80-2A7484BE77F7}.Release|x86.ActiveCfg = Release|Win32
		{C74102F7-9193-4D24-8A80-2A7484BE77F7}.Release|x86.Build.0 = Release|Win32
		{A9129CBB-9D60-4F60-88D5-42DFD9F0E229}.Debug|x64.ActiveCfg = Debug|x64
		{A9129CBB-9D60-4F60-88D5-42DFD9F0E229}.Debug|x64.Build.0 = Debug|x64
		{A9129CBB-9D60-4F60-88D5-42DFD9F0E229}.Debug|x86.ActiveCfg = Debug|Win32
		{A9129CBB-9D60-4F60-88D5-42DFD9F0E229}.Debug|x86.Build.0 = Debug|Win32
		{A9129CBB-9D60-4F60-88D5-42DFD9F0E229}.Release|x64.ActiveCfg = Release|x64
		{A9129CBB-9D60-4F60-88D5-42DFD9F0E229}.Release|x64.Build.0 = Release|x64
		{A9129CBB-9D60-4F60-88D5-42DFD9F0E229}.Release|x86.ActiveCfg = Release|Win32
		{A9129CBB-9D60-4F60-88D5-42DFD9F0E229}.Release|x86.Build.0 = Release|Win32
		{F4407AF8-357D-4955-B6E0-10D2CBDA8E6C}.Debug|x64.ActiveCfg = Debug|x64
		{F4407AF8-357D-4955-B6E0-10D2CBDA8E6C}.Debug|x64.Build.0 = Debug|x64
		{F4407AF8-357D-4955-B6E0-10D2CBDA8E6C}.Debug|x86.ActiveCfg = Debug|Win32
		{F4407AF8-357D-4955-B6E0-10D2CBDA8E6C}.Debug|x86.Build.0 = Debug|Win32
		{F4407AF8-357D-4955-B6E0-10D2CBDA8E6C}.Release|x64.ActiveCfg = Release|x64
		{F4407AF8-357D-4955-B6E0-10D2CBDA8E6C}.Release|x64.Build.0 = Release|x64
		{F4407AF8-357D-4955-B6E0-10D2CBDA8E6C}.Release|x86.ActiveCfg = Release|Win32
		{F4407AF8-357D-4955-B6E0-10D2CBDA8E6C}.Release|x86.Build.0 = Release|Win32
	EndGlobalSection
	GlobalSection(SolutionProperties) = preSolution
		HideSolutionNode = FALSE
	EndGlobalSection
	GlobalSection(ExtensibilityGlobals) = postSolution
		SolutionGuid = {CC72C59A-4360-42B0-9EF5-18822B5ED102}
	EndGlobalSection
EndGlobal
